
Microsoft Visual Studio Solution File, Format Version 12.00
# Visual Studio Version 16
VisualStudioVersion = 16.0.30611.23
MinimumVisualStudioVersion = 10.0.40219.1
Project("{2150E333-8FDC-42A3-9474-1A3956D46DE8}") = "Chapter_11_AdvancedToolsCS", "Chapter_11_AdvancedToolsCS", "{1C82A652-58A4-446B-8551-F406B74737C2}"
EndProject
Project("{FAE04EC0-301F-11D3-BF4B-00C04F79EFBC}") = "SimpleIndexer", "Chapter_11_AdvancedToolsCS\SimpleIndexer\SimpleIndexer.csproj", "{676B73D4-ACAE-47DB-85D8-BC746A8E3692}"
EndProject
Project("{FAE04EC0-301F-11D3-BF4B-00C04F79EFBC}") = "OverloadedOps", "Chapter_11_AdvancedToolsCS\OverloadedOps\OverloadedOps.csproj", "{35C271AB-B03A-4E9F-9D8B-824F1B1DE227}"
EndProject
Project("{FAE04EC0-301F-11D3-BF4B-00C04F79EFBC}") = "CustomConversions", "Chapter_11_AdvancedToolsCS\CustomConversions\CustomConversions.csproj", "{9C342526-43EF-4E40-B5BF-3274CCA6D591}"
EndProject
Project("{FAE04EC0-301F-11D3-BF4B-00C04F79EFBC}") = "ExtensionMethods", "Chapter_11_AdvancedToolsCS\ExtensionMethods\ExtensionMethods.csproj", "{5A3762B6-19DA-4F79-B721-EDFC5CA062C5}"
EndProject
Project("{FAE04EC0-301F-11D3-BF4B-00C04F79EFBC}") = "InterfaceExtensions", "Chapter_11_AdvancedToolsCS\InterfaceExtensions\InterfaceExtensions.csproj", "{5FC904F9-65C9-405B-82C3-B7B2076F8189}"
EndProject
Project("{FAE04EC0-301F-11D3-BF4B-00C04F79EFBC}") = "AnonymousTypes", "Chapter_11_AdvancedToolsCS\AnonymousTypes\AnonymousTypes.csproj", "{E8BAB2A9-22E4-4726-8D0C-B911D538AA13}"
EndProject
Project("{FAE04EC0-301F-11D3-BF4B-00C04F79EFBC}") = "UnsafeCode", "Chapter_11_AdvancedToolsCS\UnsafeCode\UnsafeCode.csproj", "{A03B134B-CAAB-41C4-B91E-B483E7EA0879}"
EndProject
Project("{2150E333-8FDC-42A3-9474-1A3956D46DE8}") = "Chapter_12_LinqToObjects", "Chapter_12_LinqToObjects", "{D18161BA-4D69-4AD0-813E-CEFF45E20A46}"
EndProject
Project("{FAE04EC0-301F-11D3-BF4B-00C04F79EFBC}") = "LinqOverArray", "Chapter_12_LinqToObjects\LinqOverArray\LinqOverArray.csproj", "{B6C4598D-480A-47B6-81C5-E21E883ADFE1}"
EndProject
Project("{FAE04EC0-301F-11D3-BF4B-00C04F79EFBC}") = "LinqRetValues", "Chapter_12_LinqToObjects\LinqRetValues\LinqRetValues.csproj", "{EEACA055-0470-43ED-A181-1727ACE9E337}"
EndProject
Project("{FAE04EC0-301F-11D3-BF4B-00C04F79EFBC}") = "ListOverCollections", "Chapter_12_LinqToObjects\ListOverCollections\ListOverCollections.csproj", "{27BE8CB1-F810-40B0-870A-3764DC6DACDB}"
EndProject
Project("{FAE04EC0-301F-11D3-BF4B-00C04F79EFBC}") = "LinqExpressions", "Chapter_12_LinqToObjects\LinqExpressions\LinqExpressions.csproj", "{FBD669D9-5428-4C11-8628-5719028E64A8}"
EndProject
Project("{FAE04EC0-301F-11D3-BF4B-00C04F79EFBC}") = "LinqUsingEnumerable", "Chapter_12_LinqToObjects\LinqUsingEnumerable\LinqUsingEnumerable.csproj", "{80EAC992-FCCB-4E10-9525-6D27089026B5}"
EndProject
Project("{2150E333-8FDC-42A3-9474-1A3956D46DE8}") = "Chapter_13_AliveTimeObjects", "Chapter_13_AliveTimeObjects", "{FB6FDD8B-8510-49DC-871C-AE6EB95D6E50}"
EndProject
Project("{FAE04EC0-301F-11D3-BF4B-00C04F79EFBC}") = "SimpleGC", "Chapter_13_AliveTimeObjects\SimpleGC\SimpleGC.csproj", "{68F1890B-98C0-4E73-92DB-15C2E856D2D7}"
EndProject
Project("{FAE04EC0-301F-11D3-BF4B-00C04F79EFBC}") = "SimpleFinalize", "Chapter_13_AliveTimeObjects\SimpleFinalize\SimpleFinalize.csproj", "{15A82F7E-D0F7-4B26-877C-F9456283303C}"
EndProject
Project("{FAE04EC0-301F-11D3-BF4B-00C04F79EFBC}") = "SimpleDispose", "Chapter_13_AliveTimeObjects\SimpleDispose\SimpleDispose.csproj", "{D97AB2C6-7E23-44F5-BF1A-2D9CB2E04A67}"
EndProject
Project("{FAE04EC0-301F-11D3-BF4B-00C04F79EFBC}") = "FinalazibleAndDisposibleClass", "Chapter_13_AliveTimeObjects\FinalazibleAndDisposibleClass\FinalazibleAndDisposibleClass.csproj", "{5230FA3E-71D5-42F8-A5AD-FC1F78DE9BE2}"
EndProject
Project("{FAE04EC0-301F-11D3-BF4B-00C04F79EFBC}") = "LazyObjectInitialization", "Chapter_13_AliveTimeObjects\LazyObjectInitialization\LazyObjectInitialization.csproj", "{C3E69068-2D38-4AE6-BB15-1A311DA35779}"
EndProject
Project("{2150E333-8FDC-42A3-9474-1A3956D46DE8}") = "Chapter_14_DLL", "Chapter_14_DLL", "{DB935A95-D540-4D5A-9752-78CECA599636}"
EndProject
Project("{FAE04EC0-301F-11D3-BF4B-00C04F79EFBC}") = "CarLibrary", "Chapter_14_DLL\CarLib_dll\CarLibrary\CarLibrary.csproj", "{905922AF-8E32-481F-B62A-FCAFD2E17ED8}"
EndProject
Project("{FAE04EC0-301F-11D3-BF4B-00C04F79EFBC}") = "ConsoleClient", "Chapter_14_DLL\ConsoleClient\ConsoleClient.csproj", "{86609957-285E-410D-A24E-047B5313315A}"
EndProject
Project("{778DAE3C-4631-46EA-AA77-85C1314464D9}") = "VisualBasicConsole", "Chapter_14_DLL\VisualBasicConsole\VisualBasicConsole.vbproj", "{24436707-F4C0-4D8A-BB4E-D4A51E85D40E}"
EndProject
Project("{FAE04EC0-301F-11D3-BF4B-00C04F79EFBC}") = "ClientWithGAC", "Chapter_14_DLL\ClientWithGAC\ClientWithGAC.csproj", "{EE0D10A7-FFC6-4500-A18D-794901DFA070}"
EndProject
Project("{FAE04EC0-301F-11D3-BF4B-00C04F79EFBC}") = "AppConfigReaderApp", "Chapter_14_DLL\AppConfigReaderApp\AppConfigReaderApp.csproj", "{E5A6C04E-A41A-4B59-BC39-60AF488110DA}"
EndProject
Project("{2150E333-8FDC-42A3-9474-1A3956D46DE8}") = "Chapter_15_Reflection", "Chapter_15_Reflection", "{ABFAA801-B838-412A-856C-0B23236FED38}"
EndProject
Project("{FAE04EC0-301F-11D3-BF4B-00C04F79EFBC}") = "SimpleReflection", "Chapter_15_Reflection\SimpleReflection\SimpleReflection.csproj", "{C6281093-7EE9-4859-ACC2-8D9767F0A03F}"
EndProject
Project("{FAE04EC0-301F-11D3-BF4B-00C04F79EFBC}") = "TypeViewer", "Chapter_15_Reflection\TypeViewer\TypeViewer.csproj", "{A5B328C4-E1C8-4532-8D0C-B95D04E8FA06}"
EndProject
Project("{FAE04EC0-301F-11D3-BF4B-00C04F79EFBC}") = "ExternalAssemblyReflector", "Chapter_15_Reflection\ExternalAssemblyReflector\ExternalAssemblyReflector.csproj", "{E0133D9F-FDA9-41B2-8592-06A3EDE95920}"
EndProject
Project("{FAE04EC0-301F-11D3-BF4B-00C04F79EFBC}") = "LateBinding", "Chapter_15_Reflection\LateBinding\LateBinding.csproj", "{F06BC3B6-6D23-4D58-A0CD-22E4B9114598}"
EndProject
Project("{FAE04EC0-301F-11D3-BF4B-00C04F79EFBC}") = "ApplyingAttributes", "Chapter_15_Reflection\ApplyingAttributes\ApplyingAttributes.csproj", "{E4BF7A22-9E13-44BF-97BC-BB1EF44A99F9}"
EndProject
Project("{FAE04EC0-301F-11D3-BF4B-00C04F79EFBC}") = "AttributeCarLibrary", "Chapter_15_Reflection\AttributeCarLibrary\AttributeCarLibrary.csproj", "{E53FB512-7C26-4B69-B7CA-34F9B9B390D5}"
EndProject
Project("{FAE04EC0-301F-11D3-BF4B-00C04F79EFBC}") = "VehicleAttributeReader", "Chapter_15_Reflection\VehicleAttributeReader\VehicleAttributeReader.csproj", "{303E0657-1D25-4795-B463-E69EFC6D198D}"
EndProject
Project("{FAE04EC0-301F-11D3-BF4B-00C04F79EFBC}") = "ReflectOnAttributesUsingLateBuilding", "Chapter_15_Reflection\ReflectOnAttributesUsingLateBuilding\ReflectOnAttributesUsingLateBuilding.csproj", "{4AF33DA7-5DD4-4966-818C-D33F620A7CD9}"
EndProject
Global
	GlobalSection(SolutionConfigurationPlatforms) = preSolution
		Debug|Any CPU = Debug|Any CPU
		Release|Any CPU = Release|Any CPU
	EndGlobalSection
	GlobalSection(ProjectConfigurationPlatforms) = postSolution
		{676B73D4-ACAE-47DB-85D8-BC746A8E3692}.Debug|Any CPU.ActiveCfg = Debug|Any CPU
		{676B73D4-ACAE-47DB-85D8-BC746A8E3692}.Debug|Any CPU.Build.0 = Debug|Any CPU
		{676B73D4-ACAE-47DB-85D8-BC746A8E3692}.Release|Any CPU.ActiveCfg = Release|Any CPU
		{676B73D4-ACAE-47DB-85D8-BC746A8E3692}.Release|Any CPU.Build.0 = Release|Any CPU
		{35C271AB-B03A-4E9F-9D8B-824F1B1DE227}.Debug|Any CPU.ActiveCfg = Debug|Any CPU
		{35C271AB-B03A-4E9F-9D8B-824F1B1DE227}.Debug|Any CPU.Build.0 = Debug|Any CPU
		{35C271AB-B03A-4E9F-9D8B-824F1B1DE227}.Release|Any CPU.ActiveCfg = Release|Any CPU
		{35C271AB-B03A-4E9F-9D8B-824F1B1DE227}.Release|Any CPU.Build.0 = Release|Any CPU
		{9C342526-43EF-4E40-B5BF-3274CCA6D591}.Debug|Any CPU.ActiveCfg = Debug|Any CPU
		{9C342526-43EF-4E40-B5BF-3274CCA6D591}.Debug|Any CPU.Build.0 = Debug|Any CPU
		{9C342526-43EF-4E40-B5BF-3274CCA6D591}.Release|Any CPU.ActiveCfg = Release|Any CPU
		{9C342526-43EF-4E40-B5BF-3274CCA6D591}.Release|Any CPU.Build.0 = Release|Any CPU
		{5A3762B6-19DA-4F79-B721-EDFC5CA062C5}.Debug|Any CPU.ActiveCfg = Debug|Any CPU
		{5A3762B6-19DA-4F79-B721-EDFC5CA062C5}.Debug|Any CPU.Build.0 = Debug|Any CPU
		{5A3762B6-19DA-4F79-B721-EDFC5CA062C5}.Release|Any CPU.ActiveCfg = Release|Any CPU
		{5A3762B6-19DA-4F79-B721-EDFC5CA062C5}.Release|Any CPU.Build.0 = Release|Any CPU
		{5FC904F9-65C9-405B-82C3-B7B2076F8189}.Debug|Any CPU.ActiveCfg = Debug|Any CPU
		{5FC904F9-65C9-405B-82C3-B7B2076F8189}.Debug|Any CPU.Build.0 = Debug|Any CPU
		{5FC904F9-65C9-405B-82C3-B7B2076F8189}.Release|Any CPU.ActiveCfg = Release|Any CPU
		{5FC904F9-65C9-405B-82C3-B7B2076F8189}.Release|Any CPU.Build.0 = Release|Any CPU
		{E8BAB2A9-22E4-4726-8D0C-B911D538AA13}.Debug|Any CPU.ActiveCfg = Debug|Any CPU
		{E8BAB2A9-22E4-4726-8D0C-B911D538AA13}.Debug|Any CPU.Build.0 = Debug|Any CPU
		{E8BAB2A9-22E4-4726-8D0C-B911D538AA13}.Release|Any CPU.ActiveCfg = Release|Any CPU
		{E8BAB2A9-22E4-4726-8D0C-B911D538AA13}.Release|Any CPU.Build.0 = Release|Any CPU
		{A03B134B-CAAB-41C4-B91E-B483E7EA0879}.Debug|Any CPU.ActiveCfg = Debug|Any CPU
		{A03B134B-CAAB-41C4-B91E-B483E7EA0879}.Debug|Any CPU.Build.0 = Debug|Any CPU
		{A03B134B-CAAB-41C4-B91E-B483E7EA0879}.Release|Any CPU.ActiveCfg = Release|Any CPU
		{A03B134B-CAAB-41C4-B91E-B483E7EA0879}.Release|Any CPU.Build.0 = Release|Any CPU
		{B6C4598D-480A-47B6-81C5-E21E883ADFE1}.Debug|Any CPU.ActiveCfg = Debug|Any CPU
		{B6C4598D-480A-47B6-81C5-E21E883ADFE1}.Debug|Any CPU.Build.0 = Debug|Any CPU
		{B6C4598D-480A-47B6-81C5-E21E883ADFE1}.Release|Any CPU.ActiveCfg = Release|Any CPU
		{B6C4598D-480A-47B6-81C5-E21E883ADFE1}.Release|Any CPU.Build.0 = Release|Any CPU
		{EEACA055-0470-43ED-A181-1727ACE9E337}.Debug|Any CPU.ActiveCfg = Debug|Any CPU
		{EEACA055-0470-43ED-A181-1727ACE9E337}.Debug|Any CPU.Build.0 = Debug|Any CPU
		{EEACA055-0470-43ED-A181-1727ACE9E337}.Release|Any CPU.ActiveCfg = Release|Any CPU
		{EEACA055-0470-43ED-A181-1727ACE9E337}.Release|Any CPU.Build.0 = Release|Any CPU
		{27BE8CB1-F810-40B0-870A-3764DC6DACDB}.Debug|Any CPU.ActiveCfg = Debug|Any CPU
		{27BE8CB1-F810-40B0-870A-3764DC6DACDB}.Debug|Any CPU.Build.0 = Debug|Any CPU
		{27BE8CB1-F810-40B0-870A-3764DC6DACDB}.Release|Any CPU.ActiveCfg = Release|Any CPU
		{27BE8CB1-F810-40B0-870A-3764DC6DACDB}.Release|Any CPU.Build.0 = Release|Any CPU
		{FBD669D9-5428-4C11-8628-5719028E64A8}.Debug|Any CPU.ActiveCfg = Debug|Any CPU
		{FBD669D9-5428-4C11-8628-5719028E64A8}.Debug|Any CPU.Build.0 = Debug|Any CPU
		{FBD669D9-5428-4C11-8628-5719028E64A8}.Release|Any CPU.ActiveCfg = Release|Any CPU
		{FBD669D9-5428-4C11-8628-5719028E64A8}.Release|Any CPU.Build.0 = Release|Any CPU
		{80EAC992-FCCB-4E10-9525-6D27089026B5}.Debug|Any CPU.ActiveCfg = Debug|Any CPU
		{80EAC992-FCCB-4E10-9525-6D27089026B5}.Debug|Any CPU.Build.0 = Debug|Any CPU
		{80EAC992-FCCB-4E10-9525-6D27089026B5}.Release|Any CPU.ActiveCfg = Release|Any CPU
		{80EAC992-FCCB-4E10-9525-6D27089026B5}.Release|Any CPU.Build.0 = Release|Any CPU
		{68F1890B-98C0-4E73-92DB-15C2E856D2D7}.Debug|Any CPU.ActiveCfg = Debug|Any CPU
		{68F1890B-98C0-4E73-92DB-15C2E856D2D7}.Debug|Any CPU.Build.0 = Debug|Any CPU
		{68F1890B-98C0-4E73-92DB-15C2E856D2D7}.Release|Any CPU.ActiveCfg = Release|Any CPU
		{68F1890B-98C0-4E73-92DB-15C2E856D2D7}.Release|Any CPU.Build.0 = Release|Any CPU
		{15A82F7E-D0F7-4B26-877C-F9456283303C}.Debug|Any CPU.ActiveCfg = Debug|Any CPU
		{15A82F7E-D0F7-4B26-877C-F9456283303C}.Debug|Any CPU.Build.0 = Debug|Any CPU
		{15A82F7E-D0F7-4B26-877C-F9456283303C}.Release|Any CPU.ActiveCfg = Release|Any CPU
		{15A82F7E-D0F7-4B26-877C-F9456283303C}.Release|Any CPU.Build.0 = Release|Any CPU
		{D97AB2C6-7E23-44F5-BF1A-2D9CB2E04A67}.Debug|Any CPU.ActiveCfg = Debug|Any CPU
		{D97AB2C6-7E23-44F5-BF1A-2D9CB2E04A67}.Debug|Any CPU.Build.0 = Debug|Any CPU
		{D97AB2C6-7E23-44F5-BF1A-2D9CB2E04A67}.Release|Any CPU.ActiveCfg = Release|Any CPU
		{D97AB2C6-7E23-44F5-BF1A-2D9CB2E04A67}.Release|Any CPU.Build.0 = Release|Any CPU
		{5230FA3E-71D5-42F8-A5AD-FC1F78DE9BE2}.Debug|Any CPU.ActiveCfg = Debug|Any CPU
		{5230FA3E-71D5-42F8-A5AD-FC1F78DE9BE2}.Debug|Any CPU.Build.0 = Debug|Any CPU
		{5230FA3E-71D5-42F8-A5AD-FC1F78DE9BE2}.Release|Any CPU.ActiveCfg = Release|Any CPU
		{5230FA3E-71D5-42F8-A5AD-FC1F78DE9BE2}.Release|Any CPU.Build.0 = Release|Any CPU
		{C3E69068-2D38-4AE6-BB15-1A311DA35779}.Debug|Any CPU.ActiveCfg = Debug|Any CPU
		{C3E69068-2D38-4AE6-BB15-1A311DA35779}.Debug|Any CPU.Build.0 = Debug|Any CPU
		{C3E69068-2D38-4AE6-BB15-1A311DA35779}.Release|Any CPU.ActiveCfg = Release|Any CPU
		{C3E69068-2D38-4AE6-BB15-1A311DA35779}.Release|Any CPU.Build.0 = Release|Any CPU
		{905922AF-8E32-481F-B62A-FCAFD2E17ED8}.Debug|Any CPU.ActiveCfg = Debug|Any CPU
		{905922AF-8E32-481F-B62A-FCAFD2E17ED8}.Debug|Any CPU.Build.0 = Debug|Any CPU
		{905922AF-8E32-481F-B62A-FCAFD2E17ED8}.Release|Any CPU.ActiveCfg = Release|Any CPU
		{905922AF-8E32-481F-B62A-FCAFD2E17ED8}.Release|Any CPU.Build.0 = Release|Any CPU
		{86609957-285E-410D-A24E-047B5313315A}.Debug|Any CPU.ActiveCfg = Debug|Any CPU
		{86609957-285E-410D-A24E-047B5313315A}.Debug|Any CPU.Build.0 = Debug|Any CPU
		{86609957-285E-410D-A24E-047B5313315A}.Release|Any CPU.ActiveCfg = Release|Any CPU
		{86609957-285E-410D-A24E-047B5313315A}.Release|Any CPU.Build.0 = Release|Any CPU
		{24436707-F4C0-4D8A-BB4E-D4A51E85D40E}.Debug|Any CPU.ActiveCfg = Debug|Any CPU
		{24436707-F4C0-4D8A-BB4E-D4A51E85D40E}.Debug|Any CPU.Build.0 = Debug|Any CPU
		{24436707-F4C0-4D8A-BB4E-D4A51E85D40E}.Release|Any CPU.ActiveCfg = Release|Any CPU
		{24436707-F4C0-4D8A-BB4E-D4A51E85D40E}.Release|Any CPU.Build.0 = Release|Any CPU
		{EE0D10A7-FFC6-4500-A18D-794901DFA070}.Debug|Any CPU.ActiveCfg = Debug|Any CPU
		{EE0D10A7-FFC6-4500-A18D-794901DFA070}.Debug|Any CPU.Build.0 = Debug|Any CPU
		{EE0D10A7-FFC6-4500-A18D-794901DFA070}.Release|Any CPU.ActiveCfg = Release|Any CPU
		{EE0D10A7-FFC6-4500-A18D-794901DFA070}.Release|Any CPU.Build.0 = Release|Any CPU
		{E5A6C04E-A41A-4B59-BC39-60AF488110DA}.Debug|Any CPU.ActiveCfg = Debug|Any CPU
		{E5A6C04E-A41A-4B59-BC39-60AF488110DA}.Debug|Any CPU.Build.0 = Debug|Any CPU
		{E5A6C04E-A41A-4B59-BC39-60AF488110DA}.Release|Any CPU.ActiveCfg = Release|Any CPU
		{E5A6C04E-A41A-4B59-BC39-60AF488110DA}.Release|Any CPU.Build.0 = Release|Any CPU
		{C6281093-7EE9-4859-ACC2-8D9767F0A03F}.Debug|Any CPU.ActiveCfg = Debug|Any CPU
		{C6281093-7EE9-4859-ACC2-8D9767F0A03F}.Debug|Any CPU.Build.0 = Debug|Any CPU
		{C6281093-7EE9-4859-ACC2-8D9767F0A03F}.Release|Any CPU.ActiveCfg = Release|Any CPU
		{C6281093-7EE9-4859-ACC2-8D9767F0A03F}.Release|Any CPU.Build.0 = Release|Any CPU
		{A5B328C4-E1C8-4532-8D0C-B95D04E8FA06}.Debug|Any CPU.ActiveCfg = Debug|Any CPU
		{A5B328C4-E1C8-4532-8D0C-B95D04E8FA06}.Debug|Any CPU.Build.0 = Debug|Any CPU
		{A5B328C4-E1C8-4532-8D0C-B95D04E8FA06}.Release|Any CPU.ActiveCfg = Release|Any CPU
		{A5B328C4-E1C8-4532-8D0C-B95D04E8FA06}.Release|Any CPU.Build.0 = Release|Any CPU
		{E0133D9F-FDA9-41B2-8592-06A3EDE95920}.Debug|Any CPU.ActiveCfg = Debug|Any CPU
		{E0133D9F-FDA9-41B2-8592-06A3EDE95920}.Debug|Any CPU.Build.0 = Debug|Any CPU
		{E0133D9F-FDA9-41B2-8592-06A3EDE95920}.Release|Any CPU.ActiveCfg = Release|Any CPU
		{E0133D9F-FDA9-41B2-8592-06A3EDE95920}.Release|Any CPU.Build.0 = Release|Any CPU
		{F06BC3B6-6D23-4D58-A0CD-22E4B9114598}.Debug|Any CPU.ActiveCfg = Debug|Any CPU
		{F06BC3B6-6D23-4D58-A0CD-22E4B9114598}.Debug|Any CPU.Build.0 = Debug|Any CPU
		{F06BC3B6-6D23-4D58-A0CD-22E4B9114598}.Release|Any CPU.ActiveCfg = Release|Any CPU
		{F06BC3B6-6D23-4D58-A0CD-22E4B9114598}.Release|Any CPU.Build.0 = Release|Any CPU
		{E4BF7A22-9E13-44BF-97BC-BB1EF44A99F9}.Debug|Any CPU.ActiveCfg = Debug|Any CPU
		{E4BF7A22-9E13-44BF-97BC-BB1EF44A99F9}.Debug|Any CPU.Build.0 = Debug|Any CPU
		{E4BF7A22-9E13-44BF-97BC-BB1EF44A99F9}.Release|Any CPU.ActiveCfg = Release|Any CPU
		{E4BF7A22-9E13-44BF-97BC-BB1EF44A99F9}.Release|Any CPU.Build.0 = Release|Any CPU
		{E53FB512-7C26-4B69-B7CA-34F9B9B390D5}.Debug|Any CPU.ActiveCfg = Debug|Any CPU
		{E53FB512-7C26-4B69-B7CA-34F9B9B390D5}.Debug|Any CPU.Build.0 = Debug|Any CPU
		{E53FB512-7C26-4B69-B7CA-34F9B9B390D5}.Release|Any CPU.ActiveCfg = Release|Any CPU
		{E53FB512-7C26-4B69-B7CA-34F9B9B390D5}.Release|Any CPU.Build.0 = Release|Any CPU
		{303E0657-1D25-4795-B463-E69EFC6D198D}.Debug|Any CPU.ActiveCfg = Debug|Any CPU
		{303E0657-1D25-4795-B463-E69EFC6D198D}.Debug|Any CPU.Build.0 = Debug|Any CPU
		{303E0657-1D25-4795-B463-E69EFC6D198D}.Release|Any CPU.ActiveCfg = Release|Any CPU
		{303E0657-1D25-4795-B463-E69EFC6D198D}.Release|Any CPU.Build.0 = Release|Any CPU
		{4AF33DA7-5DD4-4966-818C-D33F620A7CD9}.Debug|Any CPU.ActiveCfg = Debug|Any CPU
		{4AF33DA7-5DD4-4966-818C-D33F620A7CD9}.Debug|Any CPU.Build.0 = Debug|Any CPU
		{4AF33DA7-5DD4-4966-818C-D33F620A7CD9}.Release|Any CPU.ActiveCfg = Release|Any CPU
		{4AF33DA7-5DD4-4966-818C-D33F620A7CD9}.Release|Any CPU.Build.0 = Release|Any CPU
	EndGlobalSection
	GlobalSection(SolutionProperties) = preSolution
		HideSolutionNode = FALSE
	EndGlobalSection
	GlobalSection(NestedProjects) = preSolution
		{676B73D4-ACAE-47DB-85D8-BC746A8E3692} = {1C82A652-58A4-446B-8551-F406B74737C2}
		{35C271AB-B03A-4E9F-9D8B-824F1B1DE227} = {1C82A652-58A4-446B-8551-F406B74737C2}
		{9C342526-43EF-4E40-B5BF-3274CCA6D591} = {1C82A652-58A4-446B-8551-F406B74737C2}
		{5A3762B6-19DA-4F79-B721-EDFC5CA062C5} = {1C82A652-58A4-446B-8551-F406B74737C2}
		{5FC904F9-65C9-405B-82C3-B7B2076F8189} = {1C82A652-58A4-446B-8551-F406B74737C2}
		{E8BAB2A9-22E4-4726-8D0C-B911D538AA13} = {1C82A652-58A4-446B-8551-F406B74737C2}
		{A03B134B-CAAB-41C4-B91E-B483E7EA0879} = {1C82A652-58A4-446B-8551-F406B74737C2}
		{B6C4598D-480A-47B6-81C5-E21E883ADFE1} = {D18161BA-4D69-4AD0-813E-CEFF45E20A46}
		{EEACA055-0470-43ED-A181-1727ACE9E337} = {D18161BA-4D69-4AD0-813E-CEFF45E20A46}
		{27BE8CB1-F810-40B0-870A-3764DC6DACDB} = {D18161BA-4D69-4AD0-813E-CEFF45E20A46}
		{FBD669D9-5428-4C11-8628-5719028E64A8} = {D18161BA-4D69-4AD0-813E-CEFF45E20A46}
		{80EAC992-FCCB-4E10-9525-6D27089026B5} = {D18161BA-4D69-4AD0-813E-CEFF45E20A46}
		{68F1890B-98C0-4E73-92DB-15C2E856D2D7} = {FB6FDD8B-8510-49DC-871C-AE6EB95D6E50}
		{15A82F7E-D0F7-4B26-877C-F9456283303C} = {FB6FDD8B-8510-49DC-871C-AE6EB95D6E50}
		{D97AB2C6-7E23-44F5-BF1A-2D9CB2E04A67} = {FB6FDD8B-8510-49DC-871C-AE6EB95D6E50}
		{5230FA3E-71D5-42F8-A5AD-FC1F78DE9BE2} = {FB6FDD8B-8510-49DC-871C-AE6EB95D6E50}
		{C3E69068-2D38-4AE6-BB15-1A311DA35779} = {FB6FDD8B-8510-49DC-871C-AE6EB95D6E50}
		{905922AF-8E32-481F-B62A-FCAFD2E17ED8} = {DB935A95-D540-4D5A-9752-78CECA599636}
		{86609957-285E-410D-A24E-047B5313315A} = {DB935A95-D540-4D5A-9752-78CECA599636}
		{24436707-F4C0-4D8A-BB4E-D4A51E85D40E} = {DB935A95-D540-4D5A-9752-78CECA599636}
		{EE0D10A7-FFC6-4500-A18D-794901DFA070} = {DB935A95-D540-4D5A-9752-78CECA599636}
		{E5A6C04E-A41A-4B59-BC39-60AF488110DA} = {DB935A95-D540-4D5A-9752-78CECA599636}
		{C6281093-7EE9-4859-ACC2-8D9767F0A03F} = {ABFAA801-B838-412A-856C-0B23236FED38}
		{A5B328C4-E1C8-4532-8D0C-B95D04E8FA06} = {ABFAA801-B838-412A-856C-0B23236FED38}
		{E0133D9F-FDA9-41B2-8592-06A3EDE95920} = {ABFAA801-B838-412A-856C-0B23236FED38}
		{F06BC3B6-6D23-4D58-A0CD-22E4B9114598} = {ABFAA801-B838-412A-856C-0B23236FED38}
		{E4BF7A22-9E13-44BF-97BC-BB1EF44A99F9} = {ABFAA801-B838-412A-856C-0B23236FED38}
		{E53FB512-7C26-4B69-B7CA-34F9B9B390D5} = {ABFAA801-B838-412A-856C-0B23236FED38}
		{303E0657-1D25-4795-B463-E69EFC6D198D} = {ABFAA801-B838-412A-856C-0B23236FED38}
		{4AF33DA7-5DD4-4966-818C-D33F620A7CD9} = {ABFAA801-B838-412A-856C-0B23236FED38}
	EndGlobalSection
	GlobalSection(ExtensibilityGlobals) = postSolution
		SolutionGuid = {090DE143-BCE2-434D-A722-1968CA1ABEC4}
	EndGlobalSection
EndGlobal
